{"1.2.0",
[{<<"epgsql">>,{pkg,<<"epgsql">>,<<"4.8.0">>},0},
 {<<"pooler">>,{pkg,<<"pooler">>,<<"1.6.0">>},0},
 {<<"roadrunner">>,{pkg,<<"roadrunner">>,<<"0.1.0">>},0},
 {<<"telemetry">>,{pkg,<<"telemetry">>,<<"1.4.2">>},1}]}.
[
{pkg_hash,[
 {<<"epgsql">>, <<"C491B141B8C37BCE7B67F2079F168F339BB374A7CF9A286CB3B40AD1CD3FABE5">>},
 {<<"pooler">>, <<"F4F33C94AB3AB82565A2E31CEA9EFE4149A160651F3707A0A2669BC54AAF81C8">>},
 {<<"roadrunner">>, <<"ECC4CA6CFE2ED65661D57DE8FF53986850F62F882AAF76829150F8ED00954249">>},
 {<<"telemetry">>, <<"A0CB522801DFFB1C49FE6E30561BADFFC7B6D0E180DB1300DF759FAA22062855">>}]},
{pkg_hash_ext,[
 {<<"epgsql">>, <<"00E550006A62FB439FC7E879419443C889C34605E9B9DC406029D8BAA1AD79D8">>},
 {<<"pooler">>, <<"748C988FD2928DE9577C882A49621863CAB57809E3E1A88A14C9D3B55C6AB877">>},
 {<<"roadrunner">>, <<"1F393EBB706D61427F2C472A362030D45B0E85B59A680E6180154116C8BE4D6A">>},
 {<<"telemetry">>, <<"928F6495066506077862C0D1646609EED891A4326BEE3126BA54B60AF61FEBB1">>}]}
].
